
Microsoft Visual Studio Solution File, Format Version 12.00
# Visual Studio Version 16
VisualStudioVersion = 16.0.30104.148
MinimumVisualStudioVersion = 10.0.40219.1
Project("{FAE04EC0-301F-11D3-BF4B-00C04F79EFBC}") = "Desalination Monitor.Android", "Desalination Monitor\Desalination Monitor.Android\Desalination Monitor.Android.csproj", "{9B1B3BC3-38CD-4071-848F-033EA31F538B}"
EndProject
Project("{FAE04EC0-301F-11D3-BF4B-00C04F79EFBC}") = "Desalination Monitor", "Desalination Monitor\Desalination Monitor\Desalination Monitor.csproj", "{8B5EEDF8-8A9F-49DC-A01A-0250C7F54FCC}"
EndProject
Global
	GlobalSection(SolutionConfigurationPlatforms) = preSolution
		Debug|Any CPU = Debug|Any CPU
		Release|Any CPU = Release|Any CPU
	EndGlobalSection
	GlobalSection(ProjectConfigurationPlatforms) = postSolution
		{9B1B3BC3-38CD-4071-848F-033EA31F538B}.Debug|Any CPU.ActiveCfg = Debug|Any CPU
		{9B1B3BC3-38CD-4071-848F-033EA31F538B}.Debug|Any CPU.Build.0 = Debug|Any CPU
		{9B1B3BC3-38CD-4071-848F-033EA31F538B}.Debug|Any CPU.Deploy.0 = Debug|Any CPU
		{9B1B3BC3-38CD-4071-848F-033EA31F538B}.Release|Any CPU.ActiveCfg = Release|Any CPU
		{9B1B3BC3-38CD-4071-848F-033EA31F538B}.Release|Any CPU.Build.0 = Release|Any CPU
		{9B1B3BC3-38CD-4071-848F-033EA31F538B}.Release|Any CPU.Deploy.0 = Release|Any CPU
		{8B5EEDF8-8A9F-49DC-A01A-0250C7F54FCC}.Debug|Any CPU.ActiveCfg = Debug|Any CPU
		{8B5EEDF8-8A9F-49DC-A01A-0250C7F54FCC}.Debug|Any CPU.Build.0 = Debug|Any CPU
		{8B5EEDF8-8A9F-49DC-A01A-0250C7F54FCC}.Debug|Any CPU.Deploy.0 = Debug|Any CPU
		{8B5EEDF8-8A9F-49DC-A01A-0250C7F54FCC}.Release|Any CPU.ActiveCfg = Release|Any CPU
		{8B5EEDF8-8A9F-49DC-A01A-0250C7F54FCC}.Release|Any CPU.Build.0 = Release|Any CPU
		{8B5EEDF8-8A9F-49DC-A01A-0250C7F54FCC}.Release|Any CPU.Deploy.0 = Release|Any CPU
	EndGlobalSection
	GlobalSection(SolutionProperties) = preSolution
		HideSolutionNode = FALSE
	EndGlobalSection
	GlobalSection(ExtensibilityGlobals) = postSolution
		SolutionGuid = {84B9DFB4-2CF2-4235-8A32-A340CD80B9D9}
	EndGlobalSection
EndGlobal
